
Microsoft Visual Studio Solution File, Format Version 12.00
# Visual Studio 15
VisualStudioVersion = 15.0.27428.2037
MinimumVisualStudioVersion = 10.0.40219.1
Project("{FAE04EC0-301F-11D3-BF4B-00C04F79EFBC}") = "Faction Warfare", "Faction Warfare\Faction Warfare.csproj", "{DC924F77-1D7B-488E-A9B8-5C6D15820F09}"
EndProject
Global
	GlobalSection(SolutionConfigurationPlatforms) = preSolution
		Debug|x86 = Debug|x86
		Release|x86 = Release|x86
	EndGlobalSection
	GlobalSection(ProjectConfigurationPlatforms) = postSolution
		{DC924F77-1D7B-488E-A9B8-5C6D15820F09}.Debug|x86.ActiveCfg = Debug|x86
		{DC924F77-1D7B-488E-A9B8-5C6D15820F09}.Debug|x86.Build.0 = Debug|x86
		{DC924F77-1D7B-488E-A9B8-5C6D15820F09}.Release|x86.ActiveCfg = Release|x86
		{DC924F77-1D7B-488E-A9B8-5C6D15820F09}.Release|x86.Build.0 = Release|x86
	EndGlobalSection
	GlobalSection(SolutionProperties) = preSolution
		HideSolutionNode = FALSE
	EndGlobalSection
	GlobalSection(ExtensibilityGlobals) = postSolution
		SolutionGuid = {2768AE12-E0F2-4ED4-BF28-16C6DAD6418E}
	EndGlobalSection
EndGlobal
